
Microsoft Visual Studio Solution File, Format Version 12.00
# Visual Studio Version 17
VisualStudioVersion = 17.11.35312.102
MinimumVisualStudioVersion = 10.0.40219.1
Project("{FAE04EC0-301F-11D3-BF4B-00C04F79EFBC}") = "PlatformGame", "PlatformGame\PlatformGame.csproj", "{60DCE0A4-06D2-4284-A270-AE22A40CBFA5}"
EndProject
Global
	GlobalSection(SolutionConfigurationPlatforms) = preSolution
		Debug|Any CPU = Debug|Any CPU
		Release|Any CPU = Release|Any CPU
	EndGlobalSection
	GlobalSection(ProjectConfigurationPlatforms) = postSolution
		{60DCE0A4-06D2-4284-A270-AE22A40CBFA5}.Debug|Any CPU.ActiveCfg = Debug|Any CPU
		{60DCE0A4-06D2-4284-A270-AE22A40CBFA5}.Debug|Any CPU.Build.0 = Debug|Any CPU
		{60DCE0A4-06D2-4284-A270-AE22A40CBFA5}.Release|Any CPU.ActiveCfg = Release|Any CPU
		{60DCE0A4-06D2-4284-A270-AE22A40CBFA5}.Release|Any CPU.Build.0 = Release|Any CPU
	EndGlobalSection
	GlobalSection(SolutionProperties) = preSolution
		HideSolutionNode = FALSE
	EndGlobalSection
	GlobalSection(ExtensibilityGlobals) = postSolution
		SolutionGuid = {5D9C74D5-DDF8-4746-B579-2B3134D27A59}
	EndGlobalSection
EndGlobal
